
Microsoft Visual Studio Solution File, Format Version 12.00
# Visual Studio 15
VisualStudioVersion = 15.0.28307.329
MinimumVisualStudioVersion = 10.0.40219.1
Project("{FAE04EC0-301F-11D3-BF4B-00C04F79EFBC}") = "OnlineExaminationSystem", "OnlineExaminationSystem\OnlineExaminationSystem.csproj", "{E6737345-7C37-46ED-A2A0-9F777DA0BB95}"
EndProject
Global
	GlobalSection(SolutionConfigurationPlatforms) = preSolution
		Debug|Any CPU = Debug|Any CPU
		Release|Any CPU = Release|Any CPU
	EndGlobalSection
	GlobalSection(ProjectConfigurationPlatforms) = postSolution
		{E6737345-7C37-46ED-A2A0-9F777DA0BB95}.Debug|Any CPU.ActiveCfg = Debug|Any CPU
		{E6737345-7C37-46ED-A2A0-9F777DA0BB95}.Debug|Any CPU.Build.0 = Debug|Any CPU
		{E6737345-7C37-46ED-A2A0-9F777DA0BB95}.Release|Any CPU.ActiveCfg = Release|Any CPU
		{E6737345-7C37-46ED-A2A0-9F777DA0BB95}.Release|Any CPU.Build.0 = Release|Any CPU
	EndGlobalSection
	GlobalSection(SolutionProperties) = preSolution
		HideSolutionNode = FALSE
	EndGlobalSection
	GlobalSection(ExtensibilityGlobals) = postSolution
		SolutionGuid = {EBF0E9AC-A881-4AF9-92F1-674A9E355DD2}
	EndGlobalSection
EndGlobal
